// !$*UTF8*$!
{
	archiveVersion = 1;
	classes = {
	};
	objectVersion = 50;
	objects = {

/* Begin PBXBuildFile section */
		33345484209D4AAC005B2513 /* AlbumCell.m in Sources */ = {isa = PBXBuildFile; fileRef = 33345483209D4AAC005B2513 /* AlbumCell.m */; };
		33345493209D624A005B2513 /* AlbumView.m in Sources */ = {isa = PBXBuildFile; fileRef = 33345492209D624A005B2513 /* AlbumView.m */; };
		333454A2209D7C5C005B2513 /* FeedCell.m in Sources */ = {isa = PBXBuildFile; fileRef = 333454A1209D7C5C005B2513 /* FeedCell.m */; };
		333454A5209D7C69005B2513 /* TypeCell.m in Sources */ = {isa = PBXBuildFile; fileRef = 333454A4209D7C69005B2513 /* TypeCell.m */; };
		333454A8209D7CC1005B2513 /* FeedModel.m in Sources */ = {isa = PBXBuildFile; fileRef = 333454A7209D7CC1005B2513 /* FeedModel.m */; };
		33443CD0209D8D73001BF9E4 /* TypeModel.m in Sources */ = {isa = PBXBuildFile; fileRef = 33443CCF209D8D73001BF9E4 /* TypeModel.m */; };
		3369FF2B209BF3EF00C395C6 /* AppDelegate.m in Sources */ = {isa = PBXBuildFile; fileRef = 3369FF2A209BF3EF00C395C6 /* AppDelegate.m */; };
		3369FF31209BF3EF00C395C6 /* Main.storyboard in Resources */ = {isa = PBXBuildFile; fileRef = 3369FF2F209BF3EF00C395C6 /* Main.storyboard */; };
		3369FF33209BF3F100C395C6 /* Assets.xcassets in Resources */ = {isa = PBXBuildFile; fileRef = 3369FF32209BF3F100C395C6 /* Assets.xcassets */; };
		3369FF36209BF3F100C395C6 /* LaunchScreen.storyboard in Resources */ = {isa = PBXBuildFile; fileRef = 3369FF34209BF3F100C395C6 /* LaunchScreen.storyboard */; };
		3369FF39209BF3F100C395C6 /* main.m in Sources */ = {isa = PBXBuildFile; fileRef = 3369FF38209BF3F100C395C6 /* main.m */; };
		3369FF76209C9ED500C395C6 /* MessageVC.m in Sources */ = {isa = PBXBuildFile; fileRef = 3369FF75209C9ED500C395C6 /* MessageVC.m */; };
		3369FF83209CA50900C395C6 /* ColumnModel.m in Sources */ = {isa = PBXBuildFile; fileRef = 3369FF82209CA50900C395C6 /* ColumnModel.m */; };
		33A4783B209D323B00EF8E3E /* Reachability.m in Sources */ = {isa = PBXBuildFile; fileRef = 33A4783A209D323B00EF8E3E /* Reachability.m */; };
		33C9165C209DEB86008A79C7 /* SmallImageCell.m in Sources */ = {isa = PBXBuildFile; fileRef = 33C9165B209DEB86008A79C7 /* SmallImageCell.m */; };
		33C9165F209DEBE4008A79C7 /* BigImageCell.m in Sources */ = {isa = PBXBuildFile; fileRef = 33C9165E209DEBE4008A79C7 /* BigImageCell.m */; };
		33C91662209DEC41008A79C7 /* NoImageCell.m in Sources */ = {isa = PBXBuildFile; fileRef = 33C91661209DEC41008A79C7 /* NoImageCell.m */; };
		33D53CA3209E7D1B00E39106 /* InfoVC.m in Sources */ = {isa = PBXBuildFile; fileRef = 33D53CA2209E7D1B00E39106 /* InfoVC.m */; };
		33D53CA6209E7E3100E39106 /* AudioVC.m in Sources */ = {isa = PBXBuildFile; fileRef = 33D53CA5209E7E3100E39106 /* AudioVC.m */; };
		33D53CA9209E7E3F00E39106 /* VideoVC.m in Sources */ = {isa = PBXBuildFile; fileRef = 33D53CA8209E7E3F00E39106 /* VideoVC.m */; };
		33D53CB0209E827C00E39106 /* InfoModel.m in Sources */ = {isa = PBXBuildFile; fileRef = 33D53CAF209E827C00E39106 /* InfoModel.m */; };
		33D53CB8209E918100E39106 /* TypeInfoVC.m in Sources */ = {isa = PBXBuildFile; fileRef = 33D53CB7209E918100E39106 /* TypeInfoVC.m */; };
		33D53CBC209E94E600E39106 /* EntityModel.m in Sources */ = {isa = PBXBuildFile; fileRef = 33D53CBB209E94E600E39106 /* EntityModel.m */; };
		33D53CBF209E993D00E39106 /* AFShareManager.m in Sources */ = {isa = PBXBuildFile; fileRef = 33D53CBE209E993D00E39106 /* AFShareManager.m */; };
		33D53CC2209EC2BA00E39106 /* VideoModel.m in Sources */ = {isa = PBXBuildFile; fileRef = 33D53CC1209EC2BA00E39106 /* VideoModel.m */; };
		33D53CC8209EC3DF00E39106 /* TagModel.m in Sources */ = {isa = PBXBuildFile; fileRef = 33D53CC7209EC3DF00E39106 /* TagModel.m */; };
		33D53CCE209EC6F600E39106 /* VideoView.m in Sources */ = {isa = PBXBuildFile; fileRef = 33D53CCD209EC6F600E39106 /* VideoView.m */; };
		33D53CD0209EC72800E39106 /* AVFoundation.framework in Frameworks */ = {isa = PBXBuildFile; fileRef = 33D53CCF209EC72800E39106 /* AVFoundation.framework */; };
		33D53CDB209EEA1A00E39106 /* play.png in Resources */ = {isa = PBXBuildFile; fileRef = 33D53CD9209EEA1A00E39106 /* play.png */; };
		33D53CDC209EEA1A00E39106 /* pause.png in Resources */ = {isa = PBXBuildFile; fileRef = 33D53CDA209EEA1A00E39106 /* pause.png */; };
		33D53CE5209F2EA400E39106 /* ActivityVC.m in Sources */ = {isa = PBXBuildFile; fileRef = 33D53CE4209F2EA400E39106 /* ActivityVC.m */; };
		33D53CE9209F2ECD00E39106 /* ActivityCell.m in Sources */ = {isa = PBXBuildFile; fileRef = 33D53CE8209F2ECD00E39106 /* ActivityCell.m */; };
		33D53CEE209F2F0800E39106 /* ActivityModel.m in Sources */ = {isa = PBXBuildFile; fileRef = 33D53CED209F2F0800E39106 /* ActivityModel.m */; };
		33D53CF0209F3ADA00E39106 /* back.png in Resources */ = {isa = PBXBuildFile; fileRef = 33D53CEF209F3AD900E39106 /* back.png */; };
		33D53CF3209F3B3100E39106 /* activity.png in Resources */ = {isa = PBXBuildFile; fileRef = 33D53CF1209F3B3100E39106 /* activity.png */; };
		33D53CF4209F3B3100E39106 /* login.png in Resources */ = {isa = PBXBuildFile; fileRef = 33D53CF2209F3B3100E39106 /* login.png */; };
		33D53CF7209F426400E39106 /* WebViewVC.m in Sources */ = {isa = PBXBuildFile; fileRef = 33D53CF6209F426400E39106 /* WebViewVC.m */; };
		33D53D01209F4DA800E39106 /* message@2x.png in Resources */ = {isa = PBXBuildFile; fileRef = 33D53CF8209F4DA600E39106 /* message@2x.png */; };
		33D53D02209F4DA800E39106 /* forward@2x.png in Resources */ = {isa = PBXBuildFile; fileRef = 33D53CF9209F4DA600E39106 /* forward@2x.png */; };
		33D53D03209F4DA800E39106 /* share@2x.png in Resources */ = {isa = PBXBuildFile; fileRef = 33D53CFA209F4DA700E39106 /* share@2x.png */; };
		33D53D04209F4DA800E39106 /* list@2x.png in Resources */ = {isa = PBXBuildFile; fileRef = 33D53CFB209F4DA700E39106 /* list@2x.png */; };
		33D53D05209F4DA800E39106 /* pause@2x.png in Resources */ = {isa = PBXBuildFile; fileRef = 33D53CFC209F4DA700E39106 /* pause@2x.png */; };
		33D53D06209F4DA800E39106 /* play@2x.png in Resources */ = {isa = PBXBuildFile; fileRef = 33D53CFD209F4DA700E39106 /* play@2x.png */; };
		33D53D07209F4DA800E39106 /* backward@2x.png in Resources */ = {isa = PBXBuildFile; fileRef = 33D53CFE209F4DA700E39106 /* backward@2x.png */; };
		33D53D08209F4DA800E39106 /* download@2x.png in Resources */ = {isa = PBXBuildFile; fileRef = 33D53CFF209F4DA800E39106 /* download@2x.png */; };
		33D53D09209F4DA800E39106 /* store@2x.png in Resources */ = {isa = PBXBuildFile; fileRef = 33D53D00209F4DA800E39106 /* store@2x.png */; };
		43125B9C17E33CDF6EBFA48C /* libPods-ArkMu.a in Frameworks */ = {isa = PBXBuildFile; fileRef = 56C398E6DB703028A115B7D5 /* libPods-ArkMu.a */; };
/* End PBXBuildFile section */

/* Begin PBXFileReference section */
		33345482209D4AAC005B2513 /* AlbumCell.h */ = {isa = PBXFileReference; lastKnownFileType = sourcecode.c.h; path = AlbumCell.h; sourceTree = "<group>"; };
		33345483209D4AAC005B2513 /* AlbumCell.m */ = {isa = PBXFileReference; lastKnownFileType = sourcecode.c.objc; path = AlbumCell.m; sourceTree = "<group>"; };
		33345491209D624A005B2513 /* AlbumView.h */ = {isa = PBXFileReference; lastKnownFileType = sourcecode.c.h; path = AlbumView.h; sourceTree = "<group>"; };
		33345492209D624A005B2513 /* AlbumView.m */ = {isa = PBXFileReference; lastKnownFileType = sourcecode.c.objc; path = AlbumView.m; sourceTree = "<group>"; };
		333454A0209D7C5C005B2513 /* FeedCell.h */ = {isa = PBXFileReference; lastKnownFileType = sourcecode.c.h; path = FeedCell.h; sourceTree = "<group>"; };
		333454A1209D7C5C005B2513 /* FeedCell.m */ = {isa = PBXFileReference; lastKnownFileType = sourcecode.c.objc; path = FeedCell.m; sourceTree = "<group>"; };
		333454A3209D7C69005B2513 /* TypeCell.h */ = {isa = PBXFileReference; lastKnownFileType = sourcecode.c.h; path = TypeCell.h; sourceTree = "<group>"; };
		333454A4209D7C69005B2513 /* TypeCell.m */ = {isa = PBXFileReference; lastKnownFileType = sourcecode.c.objc; path = TypeCell.m; sourceTree = "<group>"; };
		333454A6209D7CC1005B2513 /* FeedModel.h */ = {isa = PBXFileReference; lastKnownFileType = sourcecode.c.h; path = FeedModel.h; sourceTree = "<group>"; };
		333454A7209D7CC1005B2513 /* FeedModel.m */ = {isa = PBXFileReference; lastKnownFileType = sourcecode.c.objc; path = FeedModel.m; sourceTree = "<group>"; };
		33443CCE209D8D73001BF9E4 /* TypeModel.h */ = {isa = PBXFileReference; lastKnownFileType = sourcecode.c.h; path = TypeModel.h; sourceTree = "<group>"; };
		33443CCF209D8D73001BF9E4 /* TypeModel.m */ = {isa = PBXFileReference; lastKnownFileType = sourcecode.c.objc; path = TypeModel.m; sourceTree = "<group>"; };
		3369FF26209BF3EF00C395C6 /* ArkMu.app */ = {isa = PBXFileReference; explicitFileType = wrapper.application; includeInIndex = 0; path = ArkMu.app; sourceTree = BUILT_PRODUCTS_DIR; };
		3369FF29209BF3EF00C395C6 /* AppDelegate.h */ = {isa = PBXFileReference; lastKnownFileType = sourcecode.c.h; path = AppDelegate.h; sourceTree = "<group>"; };
		3369FF2A209BF3EF00C395C6 /* AppDelegate.m */ = {isa = PBXFileReference; lastKnownFileType = sourcecode.c.objc; path = AppDelegate.m; sourceTree = "<group>"; };
		3369FF30209BF3EF00C395C6 /* Base */ = {isa = PBXFileReference; lastKnownFileType = file.storyboard; name = Base; path = Base.lproj/Main.storyboard; sourceTree = "<group>"; };
		3369FF32209BF3F100C395C6 /* Assets.xcassets */ = {isa = PBXFileReference; lastKnownFileType = folder.assetcatalog; path = Assets.xcassets; sourceTree = "<group>"; };
		3369FF35209BF3F100C395C6 /* Base */ = {isa = PBXFileReference; lastKnownFileType = file.storyboard; name = Base; path = Base.lproj/LaunchScreen.storyboard; sourceTree = "<group>"; };
		3369FF37209BF3F100C395C6 /* Info.plist */ = {isa = PBXFileReference; lastKnownFileType = text.plist.xml; path = Info.plist; sourceTree = "<group>"; };
		3369FF38209BF3F100C395C6 /* main.m */ = {isa = PBXFileReference; lastKnownFileType = sourcecode.c.objc; path = main.m; sourceTree = "<group>"; };
		3369FF74209C9ED500C395C6 /* MessageVC.h */ = {isa = PBXFileReference; lastKnownFileType = sourcecode.c.h; path = MessageVC.h; sourceTree = "<group>"; };
		3369FF75209C9ED500C395C6 /* MessageVC.m */ = {isa = PBXFileReference; lastKnownFileType = sourcecode.c.objc; path = MessageVC.m; sourceTree = "<group>"; };
		3369FF77209C9F1D00C395C6 /* Common.h */ = {isa = PBXFileReference; lastKnownFileType = sourcecode.c.h; path = Common.h; sourceTree = "<group>"; };
		3369FF81209CA50900C395C6 /* ColumnModel.h */ = {isa = PBXFileReference; lastKnownFileType = sourcecode.c.h; path = ColumnModel.h; sourceTree = "<group>"; };
		3369FF82209CA50900C395C6 /* ColumnModel.m */ = {isa = PBXFileReference; lastKnownFileType = sourcecode.c.objc; path = ColumnModel.m; sourceTree = "<group>"; };
		33A47839209D323B00EF8E3E /* Reachability.h */ = {isa = PBXFileReference; fileEncoding = 4; lastKnownFileType = sourcecode.c.h; path = Reachability.h; sourceTree = "<group>"; };
		33A4783A209D323B00EF8E3E /* Reachability.m */ = {isa = PBXFileReference; fileEncoding = 4; lastKnownFileType = sourcecode.c.objc; path = Reachability.m; sourceTree = "<group>"; };
		33C9165A209DEB86008A79C7 /* SmallImageCell.h */ = {isa = PBXFileReference; lastKnownFileType = sourcecode.c.h; path = SmallImageCell.h; sourceTree = "<group>"; };
		33C9165B209DEB86008A79C7 /* SmallImageCell.m */ = {isa = PBXFileReference; lastKnownFileType = sourcecode.c.objc; path = SmallImageCell.m; sourceTree = "<group>"; };
		33C9165D209DEBE4008A79C7 /* BigImageCell.h */ = {isa = PBXFileReference; lastKnownFileType = sourcecode.c.h; path = BigImageCell.h; sourceTree = "<group>"; };
		33C9165E209DEBE4008A79C7 /* BigImageCell.m */ = {isa = PBXFileReference; lastKnownFileType = sourcecode.c.objc; path = BigImageCell.m; sourceTree = "<group>"; };
		33C91660209DEC41008A79C7 /* NoImageCell.h */ = {isa = PBXFileReference; lastKnownFileType = sourcecode.c.h; path = NoImageCell.h; sourceTree = "<group>"; };
		33C91661209DEC41008A79C7 /* NoImageCell.m */ = {isa = PBXFileReference; lastKnownFileType = sourcecode.c.objc; path = NoImageCell.m; sourceTree = "<group>"; };
		33D53CA1209E7D1B00E39106 /* InfoVC.h */ = {isa = PBXFileReference; lastKnownFileType = sourcecode.c.h; path = InfoVC.h; sourceTree = "<group>"; };
		33D53CA2209E7D1B00E39106 /* InfoVC.m */ = {isa = PBXFileReference; lastKnownFileType = sourcecode.c.objc; path = InfoVC.m; sourceTree = "<group>"; };
		33D53CA4209E7E3100E39106 /* AudioVC.h */ = {isa = PBXFileReference; lastKnownFileType = sourcecode.c.h; path = AudioVC.h; sourceTree = "<group>"; };
		33D53CA5209E7E3100E39106 /* AudioVC.m */ = {isa = PBXFileReference; lastKnownFileType = sourcecode.c.objc; path = AudioVC.m; sourceTree = "<group>"; };
		33D53CA7209E7E3F00E39106 /* VideoVC.h */ = {isa = PBXFileReference; lastKnownFileType = sourcecode.c.h; path = VideoVC.h; sourceTree = "<group>"; };
		33D53CA8209E7E3F00E39106 /* VideoVC.m */ = {isa = PBXFileReference; lastKnownFileType = sourcecode.c.objc; path = VideoVC.m; sourceTree = "<group>"; };
		33D53CAE209E827C00E39106 /* InfoModel.h */ = {isa = PBXFileReference; lastKnownFileType = sourcecode.c.h; path = InfoModel.h; sourceTree = "<group>"; };
		33D53CAF209E827C00E39106 /* InfoModel.m */ = {isa = PBXFileReference; lastKnownFileType = sourcecode.c.objc; path = InfoModel.m; sourceTree = "<group>"; };
		33D53CB6209E918100E39106 /* TypeInfoVC.h */ = {isa = PBXFileReference; lastKnownFileType = sourcecode.c.h; path = TypeInfoVC.h; sourceTree = "<group>"; };
		33D53CB7209E918100E39106 /* TypeInfoVC.m */ = {isa = PBXFileReference; lastKnownFileType = sourcecode.c.objc; path = TypeInfoVC.m; sourceTree = "<group>"; };
		33D53CBA209E94E600E39106 /* EntityModel.h */ = {isa = PBXFileReference; lastKnownFileType = sourcecode.c.h; path = EntityModel.h; sourceTree = "<group>"; };
		33D53CBB209E94E600E39106 /* EntityModel.m */ = {isa = PBXFileReference; lastKnownFileType = sourcecode.c.objc; path = EntityModel.m; sourceTree = "<group>"; };
		33D53CBD209E993D00E39106 /* AFShareManager.h */ = {isa = PBXFileReference; lastKnownFileType = sourcecode.c.h; path = AFShareManager.h; sourceTree = "<group>"; };
		33D53CBE209E993D00E39106 /* AFShareManager.m */ = {isa = PBXFileReference; lastKnownFileType = sourcecode.c.objc; path = AFShareManager.m; sourceTree = "<group>"; };
		33D53CC0209EC2BA00E39106 /* VideoModel.h */ = {isa = PBXFileReference; lastKnownFileType = sourcecode.c.h; path = VideoModel.h; sourceTree = "<group>"; };
		33D53CC1209EC2BA00E39106 /* VideoModel.m */ = {isa = PBXFileReference; lastKnownFileType = sourcecode.c.objc; path = VideoModel.m; sourceTree = "<group>"; };
		33D53CC6209EC3DF00E39106 /* TagModel.h */ = {isa = PBXFileReference; lastKnownFileType = sourcecode.c.h; path = TagModel.h; sourceTree = "<group>"; };
		33D53CC7209EC3DF00E39106 /* TagModel.m */ = {isa = PBXFileReference; lastKnownFileType = sourcecode.c.objc; path = TagModel.m; sourceTree = "<group>"; };
		33D53CCC209EC6F600E39106 /* VideoView.h */ = {isa = PBXFileReference; lastKnownFileType = sourcecode.c.h; path = VideoView.h; sourceTree = "<group>"; };
		33D53CCD209EC6F600E39106 /* VideoView.m */ = {isa = PBXFileReference; lastKnownFileType = sourcecode.c.objc; path = VideoView.m; sourceTree = "<group>"; };
		33D53CCF209EC72800E39106 /* AVFoundation.framework */ = {isa = PBXFileReference; lastKnownFileType = wrapper.framework; name = AVFoundation.framework; path = System/Library/Frameworks/AVFoundation.framework; sourceTree = SDKROOT; };
		33D53CD9209EEA1A00E39106 /* play.png */ = {isa = PBXFileReference; lastKnownFileType = image.png; path = play.png; sourceTree = "<group>"; };
		33D53CDA209EEA1A00E39106 /* pause.png */ = {isa = PBXFileReference; lastKnownFileType = image.png; path = pause.png; sourceTree = "<group>"; };
		33D53CE3209F2EA400E39106 /* ActivityVC.h */ = {isa = PBXFileReference; lastKnownFileType = sourcecode.c.h; path = ActivityVC.h; sourceTree = "<group>"; };
		33D53CE4209F2EA400E39106 /* ActivityVC.m */ = {isa = PBXFileReference; lastKnownFileType = sourcecode.c.objc; path = ActivityVC.m; sourceTree = "<group>"; };
		33D53CE7209F2ECD00E39106 /* ActivityCell.h */ = {isa = PBXFileReference; lastKnownFileType = sourcecode.c.h; path = ActivityCell.h; sourceTree = "<group>"; };
		33D53CE8209F2ECD00E39106 /* ActivityCell.m */ = {isa = PBXFileReference; lastKnownFileType = sourcecode.c.objc; path = ActivityCell.m; sourceTree = "<group>"; };
		33D53CEC209F2F0800E39106 /* ActivityModel.h */ = {isa = PBXFileReference; lastKnownFileType = sourcecode.c.h; path = ActivityModel.h; sourceTree = "<group>"; };
		33D53CED209F2F0800E39106 /* ActivityModel.m */ = {isa = PBXFileReference; lastKnownFileType = sourcecode.c.objc; path = ActivityModel.m; sourceTree = "<group>"; };
		33D53CEF209F3AD900E39106 /* back.png */ = {isa = PBXFileReference; lastKnownFileType = image.png; path = back.png; sourceTree = "<group>"; };
		33D53CF1209F3B3100E39106 /* activity.png */ = {isa = PBXFileReference; lastKnownFileType = image.png; path = activity.png; sourceTree = "<group>"; };
		33D53CF2209F3B3100E39106 /* login.png */ = {isa = PBXFileReference; lastKnownFileType = image.png; path = login.png; sourceTree = "<group>"; };
		33D53CF5209F426400E39106 /* WebViewVC.h */ = {isa = PBXFileReference; lastKnownFileType = sourcecode.c.h; path = WebViewVC.h; sourceTree = "<group>"; };
		33D53CF6209F426400E39106 /* WebViewVC.m */ = {isa = PBXFileReference; lastKnownFileType = sourcecode.c.objc; path = WebViewVC.m; sourceTree = "<group>"; };
		33D53CF8209F4DA600E39106 /* message@2x.png */ = {isa = PBXFileReference; lastKnownFileType = image.png; path = "message@2x.png"; sourceTree = "<group>"; };
		33D53CF9209F4DA600E39106 /* forward@2x.png */ = {isa = PBXFileReference; lastKnownFileType = image.png; path = "forward@2x.png"; sourceTree = "<group>"; };
		33D53CFA209F4DA700E39106 /* share@2x.png */ = {isa = PBXFileReference; lastKnownFileType = image.png; path = "share@2x.png"; sourceTree = "<group>"; };
		33D53CFB209F4DA700E39106 /* list@2x.png */ = {isa = PBXFileReference; lastKnownFileType = image.png; path = "list@2x.png"; sourceTree = "<group>"; };
		33D53CFC209F4DA700E39106 /* pause@2x.png */ = {isa = PBXFileReference; lastKnownFileType = image.png; path = "pause@2x.png"; sourceTree = "<group>"; };
		33D53CFD209F4DA700E39106 /* play@2x.png */ = {isa = PBXFileReference; lastKnownFileType = image.png; path = "play@2x.png"; sourceTree = "<group>"; };
		33D53CFE209F4DA700E39106 /* backward@2x.png */ = {isa = PBXFileReference; lastKnownFileType = image.png; path = "backward@2x.png"; sourceTree = "<group>"; };
		33D53CFF209F4DA800E39106 /* download@2x.png */ = {isa = PBXFileReference; lastKnownFileType = image.png; path = "download@2x.png"; sourceTree = "<group>"; };
		33D53D00209F4DA800E39106 /* store@2x.png */ = {isa = PBXFileReference; lastKnownFileType = image.png; path = "store@2x.png"; sourceTree = "<group>"; };
		56C398E6DB703028A115B7D5 /* libPods-ArkMu.a */ = {isa = PBXFileReference; explicitFileType = archive.ar; includeInIndex = 0; path = "libPods-ArkMu.a"; sourceTree = BUILT_PRODUCTS_DIR; };
		AEAB3C8282FB10A1CAD74B0D /* Pods-ArkMu.release.xcconfig */ = {isa = PBXFileReference; includeInIndex = 1; lastKnownFileType = text.xcconfig; name = "Pods-ArkMu.release.xcconfig"; path = "Pods/Target Support Files/Pods-ArkMu/Pods-ArkMu.release.xcconfig"; sourceTree = "<group>"; };
		C18646367BBD285D4F305399 /* Pods-ArkMu.debug.xcconfig */ = {isa = PBXFileReference; includeInIndex = 1; lastKnownFileType = text.xcconfig; name = "Pods-ArkMu.debug.xcconfig"; path = "Pods/Target Support Files/Pods-ArkMu/Pods-ArkMu.debug.xcconfig"; sourceTree = "<group>"; };
/* End PBXFileReference section */

/* Begin PBXFrameworksBuildPhase section */
		3369FF23209BF3EF00C395C6 /* Frameworks */ = {
			isa = PBXFrameworksBuildPhase;
			buildActionMask = 2147483647;
			files = (
				33D53CD0209EC72800E39106 /* AVFoundation.framework in Frameworks */,
				43125B9C17E33CDF6EBFA48C /* libPods-ArkMu.a in Frameworks */,
			);
			runOnlyForDeploymentPostprocessing = 0;
		};
/* End PBXFrameworksBuildPhase section */

/* Begin PBXGroup section */
		0EA2DD62714BE45D5BC6574E /* Frameworks */ = {
			isa = PBXGroup;
			children = (
				33D53CCF209EC72800E39106 /* AVFoundation.framework */,
				56C398E6DB703028A115B7D5 /* libPods-ArkMu.a */,
			);
			name = Frameworks;
			sourceTree = "<group>";
		};
		3369FF1D209BF3EF00C395C6 = {
			isa = PBXGroup;
			children = (
				3369FF28209BF3EF00C395C6 /* ArkMu */,
				3369FF27209BF3EF00C395C6 /* Products */,
				4BA196282A37D35548A4755E /* Pods */,
				0EA2DD62714BE45D5BC6574E /* Frameworks */,
			);
			sourceTree = "<group>";
		};
		3369FF27209BF3EF00C395C6 /* Products */ = {
			isa = PBXGroup;
			children = (
				3369FF26209BF3EF00C395C6 /* ArkMu.app */,
			);
			name = Products;
			sourceTree = "<group>";
		};
		3369FF28209BF3EF00C395C6 /* ArkMu */ = {
			isa = PBXGroup;
			children = (
				33D53CB1209E8A3400E39106 /* Materials */,
				33A47835209D31F000EF8E3E /* Tool */,
				3369FF73209C9E3F00C395C6 /* Model */,
				3369FF72209C9E3B00C395C6 /* View */,
				3369FF71209C9E3700C395C6 /* Controller */,
				3369FF70209C9E3200C395C6 /* SupportFile */,
				3369FF32209BF3F100C395C6 /* Assets.xcassets */,
				3369FF34209BF3F100C395C6 /* LaunchScreen.storyboard */,
				3369FF37209BF3F100C395C6 /* Info.plist */,
			);
			path = ArkMu;
			sourceTree = "<group>";
		};
		3369FF70209C9E3200C395C6 /* SupportFile */ = {
			isa = PBXGroup;
			children = (
				3369FF29209BF3EF00C395C6 /* AppDelegate.h */,
				3369FF2A209BF3EF00C395C6 /* AppDelegate.m */,
				3369FF38209BF3F100C395C6 /* main.m */,
			);
			path = SupportFile;
			sourceTree = "<group>";
		};
		3369FF71209C9E3700C395C6 /* Controller */ = {
			isa = PBXGroup;
			children = (
				3369FF74209C9ED500C395C6 /* MessageVC.h */,
				3369FF75209C9ED500C395C6 /* MessageVC.m */,
				33D53CA1209E7D1B00E39106 /* InfoVC.h */,
				33D53CA2209E7D1B00E39106 /* InfoVC.m */,
				33D53CA4209E7E3100E39106 /* AudioVC.h */,
				33D53CA5209E7E3100E39106 /* AudioVC.m */,
				33D53CA7209E7E3F00E39106 /* VideoVC.h */,
				33D53CA8209E7E3F00E39106 /* VideoVC.m */,
				33D53CB6209E918100E39106 /* TypeInfoVC.h */,
				33D53CB7209E918100E39106 /* TypeInfoVC.m */,
				33D53CE3209F2EA400E39106 /* ActivityVC.h */,
				33D53CE4209F2EA400E39106 /* ActivityVC.m */,
				33D53CF5209F426400E39106 /* WebViewVC.h */,
				33D53CF6209F426400E39106 /* WebViewVC.m */,
			);
			path = Controller;
			sourceTree = "<group>";
		};
		3369FF72209C9E3B00C395C6 /* View */ = {
			isa = PBXGroup;
			children = (
				3369FF2F209BF3EF00C395C6 /* Main.storyboard */,
				33C9165A209DEB86008A79C7 /* SmallImageCell.h */,
				33C9165B209DEB86008A79C7 /* SmallImageCell.m */,
				33C9165D209DEBE4008A79C7 /* BigImageCell.h */,
				33C9165E209DEBE4008A79C7 /* BigImageCell.m */,
				33C91660209DEC41008A79C7 /* NoImageCell.h */,
				33C91661209DEC41008A79C7 /* NoImageCell.m */,
				33345482209D4AAC005B2513 /* AlbumCell.h */,
				33345483209D4AAC005B2513 /* AlbumCell.m */,
				33345491209D624A005B2513 /* AlbumView.h */,
				33345492209D624A005B2513 /* AlbumView.m */,
				333454A3209D7C69005B2513 /* TypeCell.h */,
				333454A4209D7C69005B2513 /* TypeCell.m */,
				333454A0209D7C5C005B2513 /* FeedCell.h */,
				333454A1209D7C5C005B2513 /* FeedCell.m */,
				33D53CCC209EC6F600E39106 /* VideoView.h */,
				33D53CCD209EC6F600E39106 /* VideoView.m */,
				33D53CE7209F2ECD00E39106 /* ActivityCell.h */,
				33D53CE8209F2ECD00E39106 /* ActivityCell.m */,
			);
			path = View;
			sourceTree = "<group>";
		};
		3369FF73209C9E3F00C395C6 /* Model */ = {
			isa = PBXGroup;
			children = (
				3369FF81209CA50900C395C6 /* ColumnModel.h */,
				3369FF82209CA50900C395C6 /* ColumnModel.m */,
				333454A6209D7CC1005B2513 /* FeedModel.h */,
				333454A7209D7CC1005B2513 /* FeedModel.m */,
				33443CCE209D8D73001BF9E4 /* TypeModel.h */,
				33443CCF209D8D73001BF9E4 /* TypeModel.m */,
				33D53CC0209EC2BA00E39106 /* VideoModel.h */,
				33D53CC1209EC2BA00E39106 /* VideoModel.m */,
				33D53CC6209EC3DF00E39106 /* TagModel.h */,
				33D53CC7209EC3DF00E39106 /* TagModel.m */,
				33D53CAD209E7FA300E39106 /* SecondLevel */,
				33D53CB9209E94AD00E39106 /* TypeModel */,
				33D53CEC209F2F0800E39106 /* ActivityModel.h */,
				33D53CED209F2F0800E39106 /* ActivityModel.m */,
			);
			path = Model;
			sourceTree = "<group>";
		};
		33A47835209D31F000EF8E3E /* Tool */ = {
			isa = PBXGroup;
			children = (
				3369FF77209C9F1D00C395C6 /* Common.h */,
				33A47839209D323B00EF8E3E /* Reachability.h */,
				33A4783A209D323B00EF8E3E /* Reachability.m */,
				33D53CBD209E993D00E39106 /* AFShareManager.h */,
				33D53CBE209E993D00E39106 /* AFShareManager.m */,
			);
			path = Tool;
			sourceTree = "<group>";
		};
		33D53CAD209E7FA300E39106 /* SecondLevel */ = {
			isa = PBXGroup;
			children = (
				33D53CAE209E827C00E39106 /* InfoModel.h */,
				33D53CAF209E827C00E39106 /* InfoModel.m */,
			);
			path = SecondLevel;
			sourceTree = "<group>";
		};
		33D53CB1209E8A3400E39106 /* Materials */ = {
			isa = PBXGroup;
			children = (
				33D53CFE209F4DA700E39106 /* backward@2x.png */,
				33D53CFF209F4DA800E39106 /* download@2x.png */,
				33D53CF9209F4DA600E39106 /* forward@2x.png */,
				33D53CFB209F4DA700E39106 /* list@2x.png */,
				33D53CF8209F4DA600E39106 /* message@2x.png */,
				33D53CFC209F4DA700E39106 /* pause@2x.png */,
				33D53CFD209F4DA700E39106 /* play@2x.png */,
				33D53CFA209F4DA700E39106 /* share@2x.png */,
				33D53D00209F4DA800E39106 /* store@2x.png */,
				33D53CDA209EEA1A00E39106 /* pause.png */,
				33D53CD9209EEA1A00E39106 /* play.png */,
				33D53CEF209F3AD900E39106 /* back.png */,
				33D53CF1209F3B3100E39106 /* activity.png */,
				33D53CF2209F3B3100E39106 /* login.png */,
			);
			path = Materials;
			sourceTree = "<group>";
		};
		33D53CB9209E94AD00E39106 /* TypeModel */ = {
			isa = PBXGroup;
			children = (
				33D53CBA209E94E600E39106 /* EntityModel.h */,
				33D53CBB209E94E600E39106 /* EntityModel.m */,
			);
			path = TypeModel;
			sourceTree = "<group>";
		};
		4BA196282A37D35548A4755E /* Pods */ = {
			isa = PBXGroup;
			children = (
				C18646367BBD285D4F305399 /* Pods-ArkMu.debug.xcconfig */,
				AEAB3C8282FB10A1CAD74B0D /* Pods-ArkMu.release.xcconfig */,
			);
			name = Pods;
			sourceTree = "<group>";
		};
/* End PBXGroup section */

/* Begin PBXNativeTarget section */
		3369FF25209BF3EF00C395C6 /* ArkMu */ = {
			isa = PBXNativeTarget;
			buildConfigurationList = 3369FF3C209BF3F100C395C6 /* Build configuration list for PBXNativeTarget "ArkMu" */;
			buildPhases = (
				26BB00698221FB0E8AB6F8FF /* [CP] Check Pods Manifest.lock */,
				3369FF22209BF3EF00C395C6 /* Sources */,
				3369FF23209BF3EF00C395C6 /* Frameworks */,
				3369FF24209BF3EF00C395C6 /* Resources */,
				324ED3388A1CAFCAA09463E0 /* [CP] Embed Pods Frameworks */,
				9571F5E54BAC80EE6D1855E6 /* [CP] Copy Pods Resources */,
			);
			buildRules = (
			);
			dependencies = (
			);
			name = ArkMu;
			productName = ArkMu;
			productReference = 3369FF26209BF3EF00C395C6 /* ArkMu.app */;
			productType = "com.apple.product-type.application";
		};
/* End PBXNativeTarget section */

/* Begin PBXProject section */
		3369FF1E209BF3EF00C395C6 /* Project object */ = {
			isa = PBXProject;
			attributes = {
				LastUpgradeCheck = 0930;
				ORGANIZATIONNAME = Sky;
				TargetAttributes = {
					3369FF25209BF3EF00C395C6 = {
						CreatedOnToolsVersion = 9.3;
					};
				};
			};
			buildConfigurationList = 3369FF21209BF3EF00C395C6 /* Build configuration list for PBXProject "ArkMu" */;
			compatibilityVersion = "Xcode 9.3";
			developmentRegion = en;
			hasScannedForEncodings = 0;
			knownRegions = (
				en,
				Base,
			);
			mainGroup = 3369FF1D209BF3EF00C395C6;
			productRefGroup = 3369FF27209BF3EF00C395C6 /* Products */;
			projectDirPath = "";
			projectRoot = "";
			targets = (
				3369FF25209BF3EF00C395C6 /* ArkMu */,
			);
		};
/* End PBXProject section */

/* Begin PBXResourcesBuildPhase section */
		3369FF24209BF3EF00C395C6 /* Resources */ = {
			isa = PBXResourcesBuildPhase;
			buildActionMask = 2147483647;
			files = (
				33D53D06209F4DA800E39106 /* play@2x.png in Resources */,
				3369FF36209BF3F100C395C6 /* LaunchScreen.storyboard in Resources */,
				33D53D01209F4DA800E39106 /* message@2x.png in Resources */,
				33D53D09209F4DA800E39106 /* store@2x.png in Resources */,
				3369FF33209BF3F100C395C6 /* Assets.xcassets in Resources */,
				33D53D08209F4DA800E39106 /* download@2x.png in Resources */,
				33D53CF0209F3ADA00E39106 /* back.png in Resources */,
				33D53D04209F4DA800E39106 /* list@2x.png in Resources */,
				3369FF31209BF3EF00C395C6 /* Main.storyboard in Resources */,
				33D53D07209F4DA800E39106 /* backward@2x.png in Resources */,
				33D53CDC209EEA1A00E39106 /* pause.png in Resources */,
				33D53D05209F4DA800E39106 /* pause@2x.png in Resources */,
				33D53CF4209F3B3100E39106 /* login.png in Resources */,
				33D53CF3209F3B3100E39106 /* activity.png in Resources */,
				33D53D02209F4DA800E39106 /* forward@2x.png in Resources */,
				33D53CDB209EEA1A00E39106 /* play.png in Resources */,
				33D53D03209F4DA800E39106 /* share@2x.png in Resources */,
			);
			runOnlyForDeploymentPostprocessing = 0;
		};
/* End PBXResourcesBuildPhase section */

/* Begin PBXShellScriptBuildPhase section */
		26BB00698221FB0E8AB6F8FF /* [CP] Check Pods Manifest.lock */ = {
			isa = PBXShellScriptBuildPhase;
			buildActionMask = 2147483647;
			files = (
			);
			inputPaths = (
				"${PODS_PODFILE_DIR_PATH}/Podfile.lock",
				"${PODS_ROOT}/Manifest.lock",
			);
			name = "[CP] Check Pods Manifest.lock";
			outputPaths = (
				"$(DERIVED_FILE_DIR)/Pods-ArkMu-checkManifestLockResult.txt",
			);
			runOnlyForDeploymentPostprocessing = 0;
			shellPath = /bin/sh;
			shellScript = "diff \"${PODS_PODFILE_DIR_PATH}/Podfile.lock\" \"${PODS_ROOT}/Manifest.lock\" > /dev/null\nif [ $? != 0 ] ; then\n    # print error to STDERR\n    echo \"error: The sandbox is not in sync with the Podfile.lock. Run 'pod install' or update your CocoaPods installation.\" >&2\n    exit 1\nfi\n# This output is used by Xcode 'outputs' to avoid re-running this script phase.\necho \"SUCCESS\" > \"${SCRIPT_OUTPUT_FILE_0}\"\n";
			showEnvVarsInLog = 0;
		};
		324ED3388A1CAFCAA09463E0 /* [CP] Embed Pods Frameworks */ = {
			isa = PBXShellScriptBuildPhase;
			buildActionMask = 2147483647;
			files = (
			);
			inputPaths = (
			);
			name = "[CP] Embed Pods Frameworks";
			outputPaths = (
			);
			runOnlyForDeploymentPostprocessing = 0;
			shellPath = /bin/sh;
			shellScript = "\"${SRCROOT}/Pods/Target Support Files/Pods-ArkMu/Pods-ArkMu-frameworks.sh\"\n";
			showEnvVarsInLog = 0;
		};
		9571F5E54BAC80EE6D1855E6 /* [CP] Copy Pods Resources */ = {
			isa = PBXShellScriptBuildPhase;
			buildActionMask = 2147483647;
			files = (
			);
			inputPaths = (
				"${SRCROOT}/Pods/Target Support Files/Pods-ArkMu/Pods-ArkMu-resources.sh",
				"${PODS_ROOT}/MJRefresh/MJRefresh/MJRefresh.bundle",
				"${PODS_ROOT}/SVProgressHUD/SVProgressHUD/SVProgressHUD.bundle",
			);
			name = "[CP] Copy Pods Resources";
			outputPaths = (
				"${TARGET_BUILD_DIR}/${UNLOCALIZED_RESOURCES_FOLDER_PATH}/MJRefresh.bundle",
				"${TARGET_BUILD_DIR}/${UNLOCALIZED_RESOURCES_FOLDER_PATH}/SVProgressHUD.bundle",
			);
			runOnlyForDeploymentPostprocessing = 0;
			shellPath = /bin/sh;
			shellScript = "\"${SRCROOT}/Pods/Target Support Files/Pods-ArkMu/Pods-ArkMu-resources.sh\"\n";
			showEnvVarsInLog = 0;
		};
/* End PBXShellScriptBuildPhase section */

/* Begin PBXSourcesBuildPhase section */
		3369FF22209BF3EF00C395C6 /* Sources */ = {
			isa = PBXSourcesBuildPhase;
			buildActionMask = 2147483647;
			files = (
				33345493209D624A005B2513 /* AlbumView.m in Sources */,
				33D53CC2209EC2BA00E39106 /* VideoModel.m in Sources */,
				33C9165C209DEB86008A79C7 /* SmallImageCell.m in Sources */,
				3369FF39209BF3F100C395C6 /* main.m in Sources */,
				33D53CF7209F426400E39106 /* WebViewVC.m in Sources */,
				3369FF83209CA50900C395C6 /* ColumnModel.m in Sources */,
				33D53CA9209E7E3F00E39106 /* VideoVC.m in Sources */,
				33D53CA6209E7E3100E39106 /* AudioVC.m in Sources */,
				33D53CBF209E993D00E39106 /* AFShareManager.m in Sources */,
				33D53CB8209E918100E39106 /* TypeInfoVC.m in Sources */,
				333454A2209D7C5C005B2513 /* FeedCell.m in Sources */,
				33A4783B209D323B00EF8E3E /* Reachability.m in Sources */,
				3369FF2B209BF3EF00C395C6 /* AppDelegate.m in Sources */,
				333454A5209D7C69005B2513 /* TypeCell.m in Sources */,
				333454A8209D7CC1005B2513 /* FeedModel.m in Sources */,
				33D53CA3209E7D1B00E39106 /* InfoVC.m in Sources */,
				3369FF76209C9ED500C395C6 /* MessageVC.m in Sources */,
				33D53CCE209EC6F600E39106 /* VideoView.m in Sources */,
				33345484209D4AAC005B2513 /* AlbumCell.m in Sources */,
				33D53CBC209E94E600E39106 /* EntityModel.m in Sources */,
				33D53CB0209E827C00E39106 /* InfoModel.m in Sources */,
				33D53CEE209F2F0800E39106 /* ActivityModel.m in Sources */,
				33D53CE9209F2ECD00E39106 /* ActivityCell.m in Sources */,
				33D53CC8209EC3DF00E39106 /* TagModel.m in Sources */,
				33D53CE5209F2EA400E39106 /* ActivityVC.m in Sources */,
				33C9165F209DEBE4008A79C7 /* BigImageCell.m in Sources */,
				33C91662209DEC41008A79C7 /* NoImageCell.m in Sources */,
				33443CD0209D8D73001BF9E4 /* TypeModel.m in Sources */,
			);
			runOnlyForDeploymentPostprocessing = 0;
		};
/* End PBXSourcesBuildPhase section */

/* Begin PBXVariantGroup section */
		3369FF2F209BF3EF00C395C6 /* Main.storyboard */ = {
			isa = PBXVariantGroup;
			children = (
				3369FF30209BF3EF00C395C6 /* Base */,
			);
			name = Main.storyboard;
			sourceTree = "<group>";
		};
		3369FF34209BF3F100C395C6 /* LaunchScreen.storyboard */ = {
			isa = PBXVariantGroup;
			children = (
				3369FF35209BF3F100C395C6 /* Base */,
			);
			name = LaunchScreen.storyboard;
			sourceTree = "<group>";
		};
/* End PBXVariantGroup section */

/* Begin XCBuildConfiguration section */
		3369FF3A209BF3F100C395C6 /* Debug */ = {
			isa = XCBuildConfiguration;
			buildSettings = {
				ALWAYS_SEARCH_USER_PATHS = NO;
				CLANG_ANALYZER_NONNULL = YES;
				CLANG_ANALYZER_NUMBER_OBJECT_CONVERSION = YES_AGGRESSIVE;
				CLANG_CXX_LANGUAGE_STANDARD = "gnu++14";
				CLANG_CXX_LIBRARY = "libc++";
				CLANG_ENABLE_MODULES = YES;
				CLANG_ENABLE_OBJC_ARC = YES;
				CLANG_ENABLE_OBJC_WEAK = YES;
				CLANG_WARN_BLOCK_CAPTURE_AUTORELEASING = YES;
				CLANG_WARN_BOOL_CONVERSION = YES;
				CLANG_WARN_COMMA = YES;
				CLANG_WARN_CONSTANT_CONVERSION = YES;
				CLANG_WARN_DEPRECATED_OBJC_IMPLEMENTATIONS = YES;
				CLANG_WARN_DIRECT_OBJC_ISA_USAGE = YES_ERROR;
				CLANG_WARN_DOCUMENTATION_COMMENTS = YES;
				CLANG_WARN_EMPTY_BODY = YES;
				CLANG_WARN_ENUM_CONVERSION = YES;
				CLANG_WARN_INFINITE_RECURSION = YES;
				CLANG_WARN_INT_CONVERSION = YES;
				CLANG_WARN_NON_LITERAL_NULL_CONVERSION = YES;
				CLANG_WARN_OBJC_IMPLICIT_RETAIN_SELF = YES;
				CLANG_WARN_OBJC_LITERAL_CONVERSION = YES;
				CLANG_WARN_OBJC_ROOT_CLASS = YES_ERROR;
				CLANG_WARN_RANGE_LOOP_ANALYSIS = YES;
				CLANG_WARN_STRICT_PROTOTYPES = YES;
				CLANG_WARN_SUSPICIOUS_MOVE = YES;
				CLANG_WARN_UNGUARDED_AVAILABILITY = YES_AGGRESSIVE;
				CLANG_WARN_UNREACHABLE_CODE = YES;
				CLANG_WARN__DUPLICATE_METHOD_MATCH = YES;
				CODE_SIGN_IDENTITY = "iPhone Developer";
				COPY_PHASE_STRIP = NO;
				DEBUG_INFORMATION_FORMAT = dwarf;
				ENABLE_STRICT_OBJC_MSGSEND = YES;
				ENABLE_TESTABILITY = YES;
				GCC_C_LANGUAGE_STANDARD = gnu11;
				GCC_DYNAMIC_NO_PIC = NO;
				GCC_NO_COMMON_BLOCKS = YES;
				GCC_OPTIMIZATION_LEVEL = 0;
				GCC_PREPROCESSOR_DEFINITIONS = (
					"DEBUG=1",
					"$(inherited)",
				);
				GCC_WARN_64_TO_32_BIT_CONVERSION = YES;
				GCC_WARN_ABOUT_RETURN_TYPE = YES_ERROR;
				GCC_WARN_UNDECLARED_SELECTOR = YES;
				GCC_WARN_UNINITIALIZED_AUTOS = YES_AGGRESSIVE;
				GCC_WARN_UNUSED_FUNCTION = YES;
				GCC_WARN_UNUSED_VARIABLE = YES;
				IPHONEOS_DEPLOYMENT_TARGET = 11.3;
				MTL_ENABLE_DEBUG_INFO = YES;
				ONLY_ACTIVE_ARCH = YES;
				SDKROOT = iphoneos;
			};
			name = Debug;
		};
		3369FF3B209BF3F100C395C6 /* Release */ = {
			isa = XCBuildConfiguration;
			buildSettings = {
				ALWAYS_SEARCH_USER_PATHS = NO;
				CLANG_ANALYZER_NONNULL = YES;
				CLANG_ANALYZER_NUMBER_OBJECT_CONVERSION = YES_AGGRESSIVE;
				CLANG_CXX_LANGUAGE_STANDARD = "gnu++14";
				CLANG_CXX_LIBRARY = "libc++";
				CLANG_ENABLE_MODULES = YES;
				CLANG_ENABLE_OBJC_ARC = YES;
				CLANG_ENABLE_OBJC_WEAK = YES;
				CLANG_WARN_BLOCK_CAPTURE_AUTORELEASING = YES;
				CLANG_WARN_BOOL_CONVERSION = YES;
				CLANG_WARN_COMMA = YES;
				CLANG_WARN_CONSTANT_CONVERSION = YES;
				CLANG_WARN_DEPRECATED_OBJC_IMPLEMENTATIONS = YES;
				CLANG_WARN_DIRECT_OBJC_ISA_USAGE = YES_ERROR;
				CLANG_WARN_DOCUMENTATION_COMMENTS = YES;
				CLANG_WARN_EMPTY_BODY = YES;
				CLANG_WARN_ENUM_CONVERSION = YES;
				CLANG_WARN_INFINITE_RECURSION = YES;
				CLANG_WARN_INT_CONVERSION = YES;
				CLANG_WARN_NON_LITERAL_NULL_CONVERSION = YES;
				CLANG_WARN_OBJC_IMPLICIT_RETAIN_SELF = YES;
				CLANG_WARN_OBJC_LITERAL_CONVERSION = YES;
				CLANG_WARN_OBJC_ROOT_CLASS = YES_ERROR;
				CLANG_WARN_RANGE_LOOP_ANALYSIS = YES;
				CLANG_WARN_STRICT_PROTOTYPES = YES;
				CLANG_WARN_SUSPICIOUS_MOVE = YES;
				CLANG_WARN_UNGUARDED_AVAILABILITY = YES_AGGRESSIVE;
				CLANG_WARN_UNREACHABLE_CODE = YES;
				CLANG_WARN__DUPLICATE_METHOD_MATCH = YES;
				CODE_SIGN_IDENTITY = "iPhone Developer";
				COPY_PHASE_STRIP = NO;
				DEBUG_INFORMATION_FORMAT = "dwarf-with-dsym";
				ENABLE_NS_ASSERTIONS = NO;
				ENABLE_STRICT_OBJC_MSGSEND = YES;
				GCC_C_LANGUAGE_STANDARD = gnu11;
				GCC_NO_COMMON_BLOCKS = YES;
				GCC_WARN_64_TO_32_BIT_CONVERSION = YES;
				GCC_WARN_ABOUT_RETURN_TYPE = YES_ERROR;
				GCC_WARN_UNDECLARED_SELECTOR = YES;
				GCC_WARN_UNINITIALIZED_AUTOS = YES_AGGRESSIVE;
				GCC_WARN_UNUSED_FUNCTION = YES;
				GCC_WARN_UNUSED_VARIABLE = YES;
				IPHONEOS_DEPLOYMENT_TARGET = 11.3;
				MTL_ENABLE_DEBUG_INFO = NO;
				SDKROOT = iphoneos;
				VALIDATE_PRODUCT = YES;
			};
			name = Release;
		};
		3369FF3D209BF3F100C395C6 /* Debug */ = {
			isa = XCBuildConfiguration;
			baseConfigurationReference = C18646367BBD285D4F305399 /* Pods-ArkMu.debug.xcconfig */;
			buildSettings = {
				ASSETCATALOG_COMPILER_APPICON_NAME = AppIcon;
				CODE_SIGN_STYLE = Automatic;
				INFOPLIST_FILE = ArkMu/Info.plist;
				IPHONEOS_DEPLOYMENT_TARGET = 9.0;
				LD_RUNPATH_SEARCH_PATHS = (
					"$(inherited)",
					"@executable_path/Frameworks",
				);
				PRODUCT_BUNDLE_IDENTIFIER = sky.ArkMu;
				PRODUCT_NAME = "$(TARGET_NAME)";
				TARGETED_DEVICE_FAMILY = "1,2";
			};
			name = Debug;
		};
		3369FF3E209BF3F100C395C6 /* Release */ = {
			isa = XCBuildConfiguration;
			baseConfigurationReference = AEAB3C8282FB10A1CAD74B0D /* Pods-ArkMu.release.xcconfig */;
			buildSettings = {
				ASSETCATALOG_COMPILER_APPICON_NAME = AppIcon;
				CODE_SIGN_STYLE = Automatic;
				INFOPLIST_FILE = ArkMu/Info.plist;
				IPHONEOS_DEPLOYMENT_TARGET = 9.0;
				LD_RUNPATH_SEARCH_PATHS = (
					"$(inherited)",
					"@executable_path/Frameworks",
				);
				PRODUCT_BUNDLE_IDENTIFIER = sky.ArkMu;
				PRODUCT_NAME = "$(TARGET_NAME)";
				TARGETED_DEVICE_FAMILY = "1,2";
			};
			name = Release;
		};
/* End XCBuildConfiguration section */

/* Begin XCConfigurationList section */
		3369FF21209BF3EF00C395C6 /* Build configuration list for PBXProject "ArkMu" */ = {
			isa = XCConfigurationList;
			buildConfigurations = (
				3369FF3A209BF3F100C395C6 /* Debug */,
				3369FF3B209BF3F100C395C6 /* Release */,
			);
			defaultConfigurationIsVisible = 0;
			defaultConfigurationName = Release;
		};
		3369FF3C209BF3F100C395C6 /* Build configuration list for PBXNativeTarget "ArkMu" */ = {
			isa = XCConfigurationList;
			buildConfigurations = (
				3369FF3D209BF3F100C395C6 /* Debug */,
				3369FF3E209BF3F100C395C6 /* Release */,
			);
			defaultConfigurationIsVisible = 0;
			defaultConfigurationName = Release;
		};
/* End XCConfigurationList section */
	};
	rootObject = 3369FF1E209BF3EF00C395C6 /* Project object */;
}
