// !$*UTF8*$!
{
	archiveVersion = 1;
	classes = {
	};
	objectVersion = 50;
	objects = {

/* Begin PBXBuildFile section */
		3369FF2B209BF3EF00C395C6 /* AppDelegate.m in Sources */ = {isa = PBXBuildFile; fileRef = 3369FF2A209BF3EF00C395C6 /* AppDelegate.m */; };
		3369FF31209BF3EF00C395C6 /* Main.storyboard in Resources */ = {isa = PBXBuildFile; fileRef = 3369FF2F209BF3EF00C395C6 /* Main.storyboard */; };
		3369FF33209BF3F100C395C6 /* Assets.xcassets in Resources */ = {isa = PBXBuildFile; fileRef = 3369FF32209BF3F100C395C6 /* Assets.xcassets */; };
		3369FF36209BF3F100C395C6 /* LaunchScreen.storyboard in Resources */ = {isa = PBXBuildFile; fileRef = 3369FF34209BF3F100C395C6 /* LaunchScreen.storyboard */; };
		3369FF39209BF3F100C395C6 /* main.m in Sources */ = {isa = PBXBuildFile; fileRef = 3369FF38209BF3F100C395C6 /* main.m */; };
		3369FF76209C9ED500C395C6 /* MessageVC.m in Sources */ = {isa = PBXBuildFile; fileRef = 3369FF75209C9ED500C395C6 /* MessageVC.m */; };
		3369FF7A209CA1F400C395C6 /* PostCell.m in Sources */ = {isa = PBXBuildFile; fileRef = 3369FF79209CA1F400C395C6 /* PostCell.m */; };
		3369FF80209CA3AA00C395C6 /* StreamModel.m in Sources */ = {isa = PBXBuildFile; fileRef = 3369FF7F209CA3AA00C395C6 /* StreamModel.m */; };
		3369FF83209CA50900C395C6 /* ColumnModel.m in Sources */ = {isa = PBXBuildFile; fileRef = 3369FF82209CA50900C395C6 /* ColumnModel.m */; };
		43125B9C17E33CDF6EBFA48C /* libPods-ArkMu.a in Frameworks */ = {isa = PBXBuildFile; fileRef = 56C398E6DB703028A115B7D5 /* libPods-ArkMu.a */; };
/* End PBXBuildFile section */

/* Begin PBXFileReference section */
		3369FF26209BF3EF00C395C6 /* ArkMu.app */ = {isa = PBXFileReference; explicitFileType = wrapper.application; includeInIndex = 0; path = ArkMu.app; sourceTree = BUILT_PRODUCTS_DIR; };
		3369FF29209BF3EF00C395C6 /* AppDelegate.h */ = {isa = PBXFileReference; lastKnownFileType = sourcecode.c.h; path = AppDelegate.h; sourceTree = "<group>"; };
		3369FF2A209BF3EF00C395C6 /* AppDelegate.m */ = {isa = PBXFileReference; lastKnownFileType = sourcecode.c.objc; path = AppDelegate.m; sourceTree = "<group>"; };
		3369FF30209BF3EF00C395C6 /* Base */ = {isa = PBXFileReference; lastKnownFileType = file.storyboard; name = Base; path = Base.lproj/Main.storyboard; sourceTree = "<group>"; };
		3369FF32209BF3F100C395C6 /* Assets.xcassets */ = {isa = PBXFileReference; lastKnownFileType = folder.assetcatalog; path = Assets.xcassets; sourceTree = "<group>"; };
		3369FF35209BF3F100C395C6 /* Base */ = {isa = PBXFileReference; lastKnownFileType = file.storyboard; name = Base; path = Base.lproj/LaunchScreen.storyboard; sourceTree = "<group>"; };
		3369FF37209BF3F100C395C6 /* Info.plist */ = {isa = PBXFileReference; lastKnownFileType = text.plist.xml; path = Info.plist; sourceTree = "<group>"; };
		3369FF38209BF3F100C395C6 /* main.m */ = {isa = PBXFileReference; lastKnownFileType = sourcecode.c.objc; path = main.m; sourceTree = "<group>"; };
		3369FF74209C9ED500C395C6 /* MessageVC.h */ = {isa = PBXFileReference; lastKnownFileType = sourcecode.c.h; path = MessageVC.h; sourceTree = "<group>"; };
		3369FF75209C9ED500C395C6 /* MessageVC.m */ = {isa = PBXFileReference; lastKnownFileType = sourcecode.c.objc; path = MessageVC.m; sourceTree = "<group>"; };
		3369FF77209C9F1D00C395C6 /* Common.h */ = {isa = PBXFileReference; lastKnownFileType = sourcecode.c.h; path = Common.h; sourceTree = "<group>"; };
		3369FF78209CA1F400C395C6 /* PostCell.h */ = {isa = PBXFileReference; lastKnownFileType = sourcecode.c.h; path = PostCell.h; sourceTree = "<group>"; };
		3369FF79209CA1F400C395C6 /* PostCell.m */ = {isa = PBXFileReference; lastKnownFileType = sourcecode.c.objc; path = PostCell.m; sourceTree = "<group>"; };
		3369FF7E209CA3AA00C395C6 /* StreamModel.h */ = {isa = PBXFileReference; lastKnownFileType = sourcecode.c.h; path = StreamModel.h; sourceTree = "<group>"; };
		3369FF7F209CA3AA00C395C6 /* StreamModel.m */ = {isa = PBXFileReference; lastKnownFileType = sourcecode.c.objc; path = StreamModel.m; sourceTree = "<group>"; };
		3369FF81209CA50900C395C6 /* ColumnModel.h */ = {isa = PBXFileReference; lastKnownFileType = sourcecode.c.h; path = ColumnModel.h; sourceTree = "<group>"; };
		3369FF82209CA50900C395C6 /* ColumnModel.m */ = {isa = PBXFileReference; lastKnownFileType = sourcecode.c.objc; path = ColumnModel.m; sourceTree = "<group>"; };
		56C398E6DB703028A115B7D5 /* libPods-ArkMu.a */ = {isa = PBXFileReference; explicitFileType = archive.ar; includeInIndex = 0; path = "libPods-ArkMu.a"; sourceTree = BUILT_PRODUCTS_DIR; };
		AEAB3C8282FB10A1CAD74B0D /* Pods-ArkMu.release.xcconfig */ = {isa = PBXFileReference; includeInIndex = 1; lastKnownFileType = text.xcconfig; name = "Pods-ArkMu.release.xcconfig"; path = "Pods/Target Support Files/Pods-ArkMu/Pods-ArkMu.release.xcconfig"; sourceTree = "<group>"; };
		C18646367BBD285D4F305399 /* Pods-ArkMu.debug.xcconfig */ = {isa = PBXFileReference; includeInIndex = 1; lastKnownFileType = text.xcconfig; name = "Pods-ArkMu.debug.xcconfig"; path = "Pods/Target Support Files/Pods-ArkMu/Pods-ArkMu.debug.xcconfig"; sourceTree = "<group>"; };
/* End PBXFileReference section */

/* Begin PBXFrameworksBuildPhase section */
		3369FF23209BF3EF00C395C6 /* Frameworks */ = {
			isa = PBXFrameworksBuildPhase;
			buildActionMask = 2147483647;
			files = (
				43125B9C17E33CDF6EBFA48C /* libPods-ArkMu.a in Frameworks */,
			);
			runOnlyForDeploymentPostprocessing = 0;
		};
/* End PBXFrameworksBuildPhase section */

/* Begin PBXGroup section */
		0EA2DD62714BE45D5BC6574E /* Frameworks */ = {
			isa = PBXGroup;
			children = (
				56C398E6DB703028A115B7D5 /* libPods-ArkMu.a */,
			);
			name = Frameworks;
			sourceTree = "<group>";
		};
		3369FF1D209BF3EF00C395C6 = {
			isa = PBXGroup;
			children = (
				3369FF28209BF3EF00C395C6 /* ArkMu */,
				3369FF27209BF3EF00C395C6 /* Products */,
				4BA196282A37D35548A4755E /* Pods */,
				0EA2DD62714BE45D5BC6574E /* Frameworks */,
			);
			sourceTree = "<group>";
		};
		3369FF27209BF3EF00C395C6 /* Products */ = {
			isa = PBXGroup;
			children = (
				3369FF26209BF3EF00C395C6 /* ArkMu.app */,
			);
			name = Products;
			sourceTree = "<group>";
		};
		3369FF28209BF3EF00C395C6 /* ArkMu */ = {
			isa = PBXGroup;
			children = (
				3369FF77209C9F1D00C395C6 /* Common.h */,
				3369FF73209C9E3F00C395C6 /* Model */,
				3369FF72209C9E3B00C395C6 /* View */,
				3369FF71209C9E3700C395C6 /* Controller */,
				3369FF70209C9E3200C395C6 /* SupportFile */,
				3369FF32209BF3F100C395C6 /* Assets.xcassets */,
				3369FF34209BF3F100C395C6 /* LaunchScreen.storyboard */,
				3369FF37209BF3F100C395C6 /* Info.plist */,
			);
			path = ArkMu;
			sourceTree = "<group>";
		};
		3369FF70209C9E3200C395C6 /* SupportFile */ = {
			isa = PBXGroup;
			children = (
				3369FF29209BF3EF00C395C6 /* AppDelegate.h */,
				3369FF2A209BF3EF00C395C6 /* AppDelegate.m */,
				3369FF38209BF3F100C395C6 /* main.m */,
			);
			path = SupportFile;
			sourceTree = "<group>";
		};
		3369FF71209C9E3700C395C6 /* Controller */ = {
			isa = PBXGroup;
			children = (
				3369FF74209C9ED500C395C6 /* MessageVC.h */,
				3369FF75209C9ED500C395C6 /* MessageVC.m */,
			);
			path = Controller;
			sourceTree = "<group>";
		};
		3369FF72209C9E3B00C395C6 /* View */ = {
			isa = PBXGroup;
			children = (
				3369FF2F209BF3EF00C395C6 /* Main.storyboard */,
				3369FF78209CA1F400C395C6 /* PostCell.h */,
				3369FF79209CA1F400C395C6 /* PostCell.m */,
			);
			path = View;
			sourceTree = "<group>";
		};
		3369FF73209C9E3F00C395C6 /* Model */ = {
			isa = PBXGroup;
			children = (
				3369FF7E209CA3AA00C395C6 /* StreamModel.h */,
				3369FF7F209CA3AA00C395C6 /* StreamModel.m */,
				3369FF81209CA50900C395C6 /* ColumnModel.h */,
				3369FF82209CA50900C395C6 /* ColumnModel.m */,
			);
			path = Model;
			sourceTree = "<group>";
		};
		4BA196282A37D35548A4755E /* Pods */ = {
			isa = PBXGroup;
			children = (
				C18646367BBD285D4F305399 /* Pods-ArkMu.debug.xcconfig */,
				AEAB3C8282FB10A1CAD74B0D /* Pods-ArkMu.release.xcconfig */,
			);
			name = Pods;
			sourceTree = "<group>";
		};
/* End PBXGroup section */

/* Begin PBXNativeTarget section */
		3369FF25209BF3EF00C395C6 /* ArkMu */ = {
			isa = PBXNativeTarget;
			buildConfigurationList = 3369FF3C209BF3F100C395C6 /* Build configuration list for PBXNativeTarget "ArkMu" */;
			buildPhases = (
				26BB00698221FB0E8AB6F8FF /* [CP] Check Pods Manifest.lock */,
				3369FF22209BF3EF00C395C6 /* Sources */,
				3369FF23209BF3EF00C395C6 /* Frameworks */,
				3369FF24209BF3EF00C395C6 /* Resources */,
				324ED3388A1CAFCAA09463E0 /* [CP] Embed Pods Frameworks */,
				9571F5E54BAC80EE6D1855E6 /* [CP] Copy Pods Resources */,
			);
			buildRules = (
			);
			dependencies = (
			);
			name = ArkMu;
			productName = ArkMu;
			productReference = 3369FF26209BF3EF00C395C6 /* ArkMu.app */;
			productType = "com.apple.product-type.application";
		};
/* End PBXNativeTarget section */

/* Begin PBXProject section */
		3369FF1E209BF3EF00C395C6 /* Project object */ = {
			isa = PBXProject;
			attributes = {
				LastUpgradeCheck = 0930;
				ORGANIZATIONNAME = Sky;
				TargetAttributes = {
					3369FF25209BF3EF00C395C6 = {
						CreatedOnToolsVersion = 9.3;
					};
				};
			};
			buildConfigurationList = 3369FF21209BF3EF00C395C6 /* Build configuration list for PBXProject "ArkMu" */;
			compatibilityVersion = "Xcode 9.3";
			developmentRegion = en;
			hasScannedForEncodings = 0;
			knownRegions = (
				en,
				Base,
			);
			mainGroup = 3369FF1D209BF3EF00C395C6;
			productRefGroup = 3369FF27209BF3EF00C395C6 /* Products */;
			projectDirPath = "";
			projectRoot = "";
			targets = (
				3369FF25209BF3EF00C395C6 /* ArkMu */,
			);
		};
/* End PBXProject section */

/* Begin PBXResourcesBuildPhase section */
		3369FF24209BF3EF00C395C6 /* Resources */ = {
			isa = PBXResourcesBuildPhase;
			buildActionMask = 2147483647;
			files = (
				3369FF36209BF3F100C395C6 /* LaunchScreen.storyboard in Resources */,
				3369FF33209BF3F100C395C6 /* Assets.xcassets in Resources */,
				3369FF31209BF3EF00C395C6 /* Main.storyboard in Resources */,
			);
			runOnlyForDeploymentPostprocessing = 0;
		};
/* End PBXResourcesBuildPhase section */

/* Begin PBXShellScriptBuildPhase section */
		26BB00698221FB0E8AB6F8FF /* [CP] Check Pods Manifest.lock */ = {
			isa = PBXShellScriptBuildPhase;
			buildActionMask = 2147483647;
			files = (
			);
			inputPaths = (
				"${PODS_PODFILE_DIR_PATH}/Podfile.lock",
				"${PODS_ROOT}/Manifest.lock",
			);
			name = "[CP] Check Pods Manifest.lock";
			outputPaths = (
				"$(DERIVED_FILE_DIR)/Pods-ArkMu-checkManifestLockResult.txt",
			);
			runOnlyForDeploymentPostprocessing = 0;
			shellPath = /bin/sh;
			shellScript = "diff \"${PODS_PODFILE_DIR_PATH}/Podfile.lock\" \"${PODS_ROOT}/Manifest.lock\" > /dev/null\nif [ $? != 0 ] ; then\n    # print error to STDERR\n    echo \"error: The sandbox is not in sync with the Podfile.lock. Run 'pod install' or update your CocoaPods installation.\" >&2\n    exit 1\nfi\n# This output is used by Xcode 'outputs' to avoid re-running this script phase.\necho \"SUCCESS\" > \"${SCRIPT_OUTPUT_FILE_0}\"\n";
			showEnvVarsInLog = 0;
		};
		324ED3388A1CAFCAA09463E0 /* [CP] Embed Pods Frameworks */ = {
			isa = PBXShellScriptBuildPhase;
			buildActionMask = 2147483647;
			files = (
			);
			inputPaths = (
			);
			name = "[CP] Embed Pods Frameworks";
			outputPaths = (
			);
			runOnlyForDeploymentPostprocessing = 0;
			shellPath = /bin/sh;
			shellScript = "\"${SRCROOT}/Pods/Target Support Files/Pods-ArkMu/Pods-ArkMu-frameworks.sh\"\n";
			showEnvVarsInLog = 0;
		};
		9571F5E54BAC80EE6D1855E6 /* [CP] Copy Pods Resources */ = {
			isa = PBXShellScriptBuildPhase;
			buildActionMask = 2147483647;
			files = (
			);
			inputPaths = (
				"${SRCROOT}/Pods/Target Support Files/Pods-ArkMu/Pods-ArkMu-resources.sh",
				"${PODS_ROOT}/MJRefresh/MJRefresh/MJRefresh.bundle",
			);
			name = "[CP] Copy Pods Resources";
			outputPaths = (
				"${TARGET_BUILD_DIR}/${UNLOCALIZED_RESOURCES_FOLDER_PATH}/MJRefresh.bundle",
			);
			runOnlyForDeploymentPostprocessing = 0;
			shellPath = /bin/sh;
			shellScript = "\"${SRCROOT}/Pods/Target Support Files/Pods-ArkMu/Pods-ArkMu-resources.sh\"\n";
			showEnvVarsInLog = 0;
		};
/* End PBXShellScriptBuildPhase section */

/* Begin PBXSourcesBuildPhase section */
		3369FF22209BF3EF00C395C6 /* Sources */ = {
			isa = PBXSourcesBuildPhase;
			buildActionMask = 2147483647;
			files = (
				3369FF39209BF3F100C395C6 /* main.m in Sources */,
				3369FF83209CA50900C395C6 /* ColumnModel.m in Sources */,
				3369FF80209CA3AA00C395C6 /* StreamModel.m in Sources */,
				3369FF2B209BF3EF00C395C6 /* AppDelegate.m in Sources */,
				3369FF76209C9ED500C395C6 /* MessageVC.m in Sources */,
				3369FF7A209CA1F400C395C6 /* PostCell.m in Sources */,
			);
			runOnlyForDeploymentPostprocessing = 0;
		};
/* End PBXSourcesBuildPhase section */

/* Begin PBXVariantGroup section */
		3369FF2F209BF3EF00C395C6 /* Main.storyboard */ = {
			isa = PBXVariantGroup;
			children = (
				3369FF30209BF3EF00C395C6 /* Base */,
			);
			name = Main.storyboard;
			sourceTree = "<group>";
		};
		3369FF34209BF3F100C395C6 /* LaunchScreen.storyboard */ = {
			isa = PBXVariantGroup;
			children = (
				3369FF35209BF3F100C395C6 /* Base */,
			);
			name = LaunchScreen.storyboard;
			sourceTree = "<group>";
		};
/* End PBXVariantGroup section */

/* Begin XCBuildConfiguration section */
		3369FF3A209BF3F100C395C6 /* Debug */ = {
			isa = XCBuildConfiguration;
			buildSettings = {
				ALWAYS_SEARCH_USER_PATHS = NO;
				CLANG_ANALYZER_NONNULL = YES;
				CLANG_ANALYZER_NUMBER_OBJECT_CONVERSION = YES_AGGRESSIVE;
				CLANG_CXX_LANGUAGE_STANDARD = "gnu++14";
				CLANG_CXX_LIBRARY = "libc++";
				CLANG_ENABLE_MODULES = YES;
				CLANG_ENABLE_OBJC_ARC = YES;
				CLANG_ENABLE_OBJC_WEAK = YES;
				CLANG_WARN_BLOCK_CAPTURE_AUTORELEASING = YES;
				CLANG_WARN_BOOL_CONVERSION = YES;
				CLANG_WARN_COMMA = YES;
				CLANG_WARN_CONSTANT_CONVERSION = YES;
				CLANG_WARN_DEPRECATED_OBJC_IMPLEMENTATIONS = YES;
				CLANG_WARN_DIRECT_OBJC_ISA_USAGE = YES_ERROR;
				CLANG_WARN_DOCUMENTATION_COMMENTS = YES;
				CLANG_WARN_EMPTY_BODY = YES;
				CLANG_WARN_ENUM_CONVERSION = YES;
				CLANG_WARN_INFINITE_RECURSION = YES;
				CLANG_WARN_INT_CONVERSION = YES;
				CLANG_WARN_NON_LITERAL_NULL_CONVERSION = YES;
				CLANG_WARN_OBJC_IMPLICIT_RETAIN_SELF = YES;
				CLANG_WARN_OBJC_LITERAL_CONVERSION = YES;
				CLANG_WARN_OBJC_ROOT_CLASS = YES_ERROR;
				CLANG_WARN_RANGE_LOOP_ANALYSIS = YES;
				CLANG_WARN_STRICT_PROTOTYPES = YES;
				CLANG_WARN_SUSPICIOUS_MOVE = YES;
				CLANG_WARN_UNGUARDED_AVAILABILITY = YES_AGGRESSIVE;
				CLANG_WARN_UNREACHABLE_CODE = YES;
				CLANG_WARN__DUPLICATE_METHOD_MATCH = YES;
				CODE_SIGN_IDENTITY = "iPhone Developer";
				COPY_PHASE_STRIP = NO;
				DEBUG_INFORMATION_FORMAT = dwarf;
				ENABLE_STRICT_OBJC_MSGSEND = YES;
				ENABLE_TESTABILITY = YES;
				GCC_C_LANGUAGE_STANDARD = gnu11;
				GCC_DYNAMIC_NO_PIC = NO;
				GCC_NO_COMMON_BLOCKS = YES;
				GCC_OPTIMIZATION_LEVEL = 0;
				GCC_PREPROCESSOR_DEFINITIONS = (
					"DEBUG=1",
					"$(inherited)",
				);
				GCC_WARN_64_TO_32_BIT_CONVERSION = YES;
				GCC_WARN_ABOUT_RETURN_TYPE = YES_ERROR;
				GCC_WARN_UNDECLARED_SELECTOR = YES;
				GCC_WARN_UNINITIALIZED_AUTOS = YES_AGGRESSIVE;
				GCC_WARN_UNUSED_FUNCTION = YES;
				GCC_WARN_UNUSED_VARIABLE = YES;
				IPHONEOS_DEPLOYMENT_TARGET = 11.3;
				MTL_ENABLE_DEBUG_INFO = YES;
				ONLY_ACTIVE_ARCH = YES;
				SDKROOT = iphoneos;
			};
			name = Debug;
		};
		3369FF3B209BF3F100C395C6 /* Release */ = {
			isa = XCBuildConfiguration;
			buildSettings = {
				ALWAYS_SEARCH_USER_PATHS = NO;
				CLANG_ANALYZER_NONNULL = YES;
				CLANG_ANALYZER_NUMBER_OBJECT_CONVERSION = YES_AGGRESSIVE;
				CLANG_CXX_LANGUAGE_STANDARD = "gnu++14";
				CLANG_CXX_LIBRARY = "libc++";
				CLANG_ENABLE_MODULES = YES;
				CLANG_ENABLE_OBJC_ARC = YES;
				CLANG_ENABLE_OBJC_WEAK = YES;
				CLANG_WARN_BLOCK_CAPTURE_AUTORELEASING = YES;
				CLANG_WARN_BOOL_CONVERSION = YES;
				CLANG_WARN_COMMA = YES;
				CLANG_WARN_CONSTANT_CONVERSION = YES;
				CLANG_WARN_DEPRECATED_OBJC_IMPLEMENTATIONS = YES;
				CLANG_WARN_DIRECT_OBJC_ISA_USAGE = YES_ERROR;
				CLANG_WARN_DOCUMENTATION_COMMENTS = YES;
				CLANG_WARN_EMPTY_BODY = YES;
				CLANG_WARN_ENUM_CONVERSION = YES;
				CLANG_WARN_INFINITE_RECURSION = YES;
				CLANG_WARN_INT_CONVERSION = YES;
				CLANG_WARN_NON_LITERAL_NULL_CONVERSION = YES;
				CLANG_WARN_OBJC_IMPLICIT_RETAIN_SELF = YES;
				CLANG_WARN_OBJC_LITERAL_CONVERSION = YES;
				CLANG_WARN_OBJC_ROOT_CLASS = YES_ERROR;
				CLANG_WARN_RANGE_LOOP_ANALYSIS = YES;
				CLANG_WARN_STRICT_PROTOTYPES = YES;
				CLANG_WARN_SUSPICIOUS_MOVE = YES;
				CLANG_WARN_UNGUARDED_AVAILABILITY = YES_AGGRESSIVE;
				CLANG_WARN_UNREACHABLE_CODE = YES;
				CLANG_WARN__DUPLICATE_METHOD_MATCH = YES;
				CODE_SIGN_IDENTITY = "iPhone Developer";
				COPY_PHASE_STRIP = NO;
				DEBUG_INFORMATION_FORMAT = "dwarf-with-dsym";
				ENABLE_NS_ASSERTIONS = NO;
				ENABLE_STRICT_OBJC_MSGSEND = YES;
				GCC_C_LANGUAGE_STANDARD = gnu11;
				GCC_NO_COMMON_BLOCKS = YES;
				GCC_WARN_64_TO_32_BIT_CONVERSION = YES;
				GCC_WARN_ABOUT_RETURN_TYPE = YES_ERROR;
				GCC_WARN_UNDECLARED_SELECTOR = YES;
				GCC_WARN_UNINITIALIZED_AUTOS = YES_AGGRESSIVE;
				GCC_WARN_UNUSED_FUNCTION = YES;
				GCC_WARN_UNUSED_VARIABLE = YES;
				IPHONEOS_DEPLOYMENT_TARGET = 11.3;
				MTL_ENABLE_DEBUG_INFO = NO;
				SDKROOT = iphoneos;
				VALIDATE_PRODUCT = YES;
			};
			name = Release;
		};
		3369FF3D209BF3F100C395C6 /* Debug */ = {
			isa = XCBuildConfiguration;
			baseConfigurationReference = C18646367BBD285D4F305399 /* Pods-ArkMu.debug.xcconfig */;
			buildSettings = {
				ASSETCATALOG_COMPILER_APPICON_NAME = AppIcon;
				CODE_SIGN_STYLE = Automatic;
				INFOPLIST_FILE = ArkMu/Info.plist;
				IPHONEOS_DEPLOYMENT_TARGET = 9.0;
				LD_RUNPATH_SEARCH_PATHS = "$(inherited) @executable_path/Frameworks";
				PRODUCT_BUNDLE_IDENTIFIER = sky.ArkMu;
				PRODUCT_NAME = "$(TARGET_NAME)";
				TARGETED_DEVICE_FAMILY = "1,2";
			};
			name = Debug;
		};
		3369FF3E209BF3F100C395C6 /* Release */ = {
			isa = XCBuildConfiguration;
			baseConfigurationReference = AEAB3C8282FB10A1CAD74B0D /* Pods-ArkMu.release.xcconfig */;
			buildSettings = {
				ASSETCATALOG_COMPILER_APPICON_NAME = AppIcon;
				CODE_SIGN_STYLE = Automatic;
				INFOPLIST_FILE = ArkMu/Info.plist;
				IPHONEOS_DEPLOYMENT_TARGET = 9.0;
				LD_RUNPATH_SEARCH_PATHS = "$(inherited) @executable_path/Frameworks";
				PRODUCT_BUNDLE_IDENTIFIER = sky.ArkMu;
				PRODUCT_NAME = "$(TARGET_NAME)";
				TARGETED_DEVICE_FAMILY = "1,2";
			};
			name = Release;
		};
/* End XCBuildConfiguration section */

/* Begin XCConfigurationList section */
		3369FF21209BF3EF00C395C6 /* Build configuration list for PBXProject "ArkMu" */ = {
			isa = XCConfigurationList;
			buildConfigurations = (
				3369FF3A209BF3F100C395C6 /* Debug */,
				3369FF3B209BF3F100C395C6 /* Release */,
			);
			defaultConfigurationIsVisible = 0;
			defaultConfigurationName = Release;
		};
		3369FF3C209BF3F100C395C6 /* Build configuration list for PBXNativeTarget "ArkMu" */ = {
			isa = XCConfigurationList;
			buildConfigurations = (
				3369FF3D209BF3F100C395C6 /* Debug */,
				3369FF3E209BF3F100C395C6 /* Release */,
			);
			defaultConfigurationIsVisible = 0;
			defaultConfigurationName = Release;
		};
/* End XCConfigurationList section */
	};
	rootObject = 3369FF1E209BF3EF00C395C6 /* Project object */;
}
